// !$*UTF8*$!
{
	archiveVersion = 1;
	classes = {
	};
	objectVersion = 46;
	objects = {

/* Begin PBXBuildFile section */
		0A470C9E1AE4F75800FE3BE7 /* main.m in Sources */ = {isa = PBXBuildFile; fileRef = 0A470C9D1AE4F75800FE3BE7 /* main.m */; };
		0A470CA11AE4F75800FE3BE7 /* AppDelegate.m in Sources */ = {isa = PBXBuildFile; fileRef = 0A470CA01AE4F75800FE3BE7 /* AppDelegate.m */; };
		0A470CA41AE4F75800FE3BE7 /* ViewController.m in Sources */ = {isa = PBXBuildFile; fileRef = 0A470CA31AE4F75800FE3BE7 /* ViewController.m */; };
		0A470CA71AE4F75800FE3BE7 /* Main.storyboard in Resources */ = {isa = PBXBuildFile; fileRef = 0A470CA51AE4F75800FE3BE7 /* Main.storyboard */; };
		0A470CA91AE4F75800FE3BE7 /* Images.xcassets in Resources */ = {isa = PBXBuildFile; fileRef = 0A470CA81AE4F75800FE3BE7 /* Images.xcassets */; };
		0A470CAC1AE4F75800FE3BE7 /* LaunchScreen.xib in Resources */ = {isa = PBXBuildFile; fileRef = 0A470CAA1AE4F75800FE3BE7 /* LaunchScreen.xib */; };
		0A470CB81AE4F75800FE3BE7 /* mmoTests.m in Sources */ = {isa = PBXBuildFile; fileRef = 0A470CB71AE4F75800FE3BE7 /* mmoTests.m */; };
		0ACB02CF1AE52126007FD929 /* Localizable.strings in Resources */ = {isa = PBXBuildFile; fileRef = 0ACB02CE1AE52126007FD929 /* Localizable.strings */; };
/* End PBXBuildFile section */

/* Begin PBXContainerItemProxy section */
		0A470CB21AE4F75800FE3BE7 /* PBXContainerItemProxy */ = {
			isa = PBXContainerItemProxy;
			containerPortal = 0A470C901AE4F75800FE3BE7 /* Project object */;
			proxyType = 1;
			remoteGlobalIDString = 0A470C971AE4F75800FE3BE7;
			remoteInfo = mmo;
		};
/* End PBXContainerItemProxy section */

/* Begin PBXFileReference section */
		0A036D8E1AE54A82006EA72D /* Constants.h */ = {isa = PBXFileReference; lastKnownFileType = sourcecode.c.h; name = Constants.h; path = Classes/Constants.h; sourceTree = "<group>"; };
		0A470C981AE4F75800FE3BE7 /* mmo.app */ = {isa = PBXFileReference; explicitFileType = wrapper.application; includeInIndex = 0; path = mmo.app; sourceTree = BUILT_PRODUCTS_DIR; };
		0A470C9C1AE4F75800FE3BE7 /* Info.plist */ = {isa = PBXFileReference; lastKnownFileType = text.plist.xml; path = Info.plist; sourceTree = "<group>"; };
		0A470C9D1AE4F75800FE3BE7 /* main.m */ = {isa = PBXFileReference; lastKnownFileType = sourcecode.c.objc; path = main.m; sourceTree = "<group>"; };
		0A470C9F1AE4F75800FE3BE7 /* AppDelegate.h */ = {isa = PBXFileReference; lastKnownFileType = sourcecode.c.h; path = AppDelegate.h; sourceTree = "<group>"; };
		0A470CA01AE4F75800FE3BE7 /* AppDelegate.m */ = {isa = PBXFileReference; lastKnownFileType = sourcecode.c.objc; path = AppDelegate.m; sourceTree = "<group>"; };
		0A470CA21AE4F75800FE3BE7 /* ViewController.h */ = {isa = PBXFileReference; lastKnownFileType = sourcecode.c.h; path = ViewController.h; sourceTree = "<group>"; };
		0A470CA31AE4F75800FE3BE7 /* ViewController.m */ = {isa = PBXFileReference; lastKnownFileType = sourcecode.c.objc; path = ViewController.m; sourceTree = "<group>"; };
		0A470CA61AE4F75800FE3BE7 /* Base */ = {isa = PBXFileReference; lastKnownFileType = file.storyboard; name = Base; path = Base.lproj/Main.storyboard; sourceTree = "<group>"; };
		0A470CA81AE4F75800FE3BE7 /* Images.xcassets */ = {isa = PBXFileReference; lastKnownFileType = folder.assetcatalog; path = Images.xcassets; sourceTree = "<group>"; };
		0A470CAB1AE4F75800FE3BE7 /* Base */ = {isa = PBXFileReference; lastKnownFileType = file.xib; name = Base; path = Base.lproj/LaunchScreen.xib; sourceTree = "<group>"; };
		0A470CB11AE4F75800FE3BE7 /* mmoTests.xctest */ = {isa = PBXFileReference; explicitFileType = wrapper.cfbundle; includeInIndex = 0; path = mmoTests.xctest; sourceTree = BUILT_PRODUCTS_DIR; };
		0A470CB61AE4F75800FE3BE7 /* Info.plist */ = {isa = PBXFileReference; lastKnownFileType = text.plist.xml; path = Info.plist; sourceTree = "<group>"; };
		0A470CB71AE4F75800FE3BE7 /* mmoTests.m */ = {isa = PBXFileReference; lastKnownFileType = sourcecode.c.objc; path = mmoTests.m; sourceTree = "<group>"; };
		0ACB02CE1AE52126007FD929 /* Localizable.strings */ = {isa = PBXFileReference; fileEncoding = 4; lastKnownFileType = text.plist.strings; name = Localizable.strings; path = Resources/Localizable.strings; sourceTree = "<group>"; };
/* End PBXFileReference section */

/* Begin PBXFrameworksBuildPhase section */
		0A470C951AE4F75800FE3BE7 /* Frameworks */ = {
			isa = PBXFrameworksBuildPhase;
			buildActionMask = 2147483647;
			files = (
			);
			runOnlyForDeploymentPostprocessing = 0;
		};
		0A470CAE1AE4F75800FE3BE7 /* Frameworks */ = {
			isa = PBXFrameworksBuildPhase;
			buildActionMask = 2147483647;
			files = (
			);
			runOnlyForDeploymentPostprocessing = 0;
		};
/* End PBXFrameworksBuildPhase section */

/* Begin PBXGroup section */
		0A470C8F1AE4F75800FE3BE7 = {
			isa = PBXGroup;
			children = (
				0A470C9A1AE4F75800FE3BE7 /* mmo */,
				0A470CB41AE4F75800FE3BE7 /* mmoTests */,
				0A470C991AE4F75800FE3BE7 /* Products */,
			);
			sourceTree = "<group>";
		};
		0A470C991AE4F75800FE3BE7 /* Products */ = {
			isa = PBXGroup;
			children = (
				0A470C981AE4F75800FE3BE7 /* mmo.app */,
				0A470CB11AE4F75800FE3BE7 /* mmoTests.xctest */,
			);
			name = Products;
			sourceTree = "<group>";
		};
		0A470C9A1AE4F75800FE3BE7 /* mmo */ = {
			isa = PBXGroup;
			children = (
				0ACB02CD1AE520FD007FD929 /* Resources */,
				0A470CC11AE4F92700FE3BE7 /* Classes */,
				0A470C9F1AE4F75800FE3BE7 /* AppDelegate.h */,
				0A470CA01AE4F75800FE3BE7 /* AppDelegate.m */,
				0A470CA21AE4F75800FE3BE7 /* ViewController.h */,
				0A470CA31AE4F75800FE3BE7 /* ViewController.m */,
				0A470CA51AE4F75800FE3BE7 /* Main.storyboard */,
				0A470CA81AE4F75800FE3BE7 /* Images.xcassets */,
				0A470CAA1AE4F75800FE3BE7 /* LaunchScreen.xib */,
				0A470C9B1AE4F75800FE3BE7 /* Supporting Files */,
			);
			path = mmo;
			sourceTree = "<group>";
		};
		0A470C9B1AE4F75800FE3BE7 /* Supporting Files */ = {
			isa = PBXGroup;
			children = (
				0A470C9C1AE4F75800FE3BE7 /* Info.plist */,
				0A470C9D1AE4F75800FE3BE7 /* main.m */,
			);
			name = "Supporting Files";
			sourceTree = "<group>";
		};
		0A470CB41AE4F75800FE3BE7 /* mmoTests */ = {
			isa = PBXGroup;
			children = (
				0A470CB71AE4F75800FE3BE7 /* mmoTests.m */,
				0A470CB51AE4F75800FE3BE7 /* Supporting Files */,
			);
			path = mmoTests;
			sourceTree = "<group>";
		};
		0A470CB51AE4F75800FE3BE7 /* Supporting Files */ = {
			isa = PBXGroup;
			children = (
				0A470CB61AE4F75800FE3BE7 /* Info.plist */,
			);
			name = "Supporting Files";
			sourceTree = "<group>";
		};
		0A470CC11AE4F92700FE3BE7 /* Classes */ = {
			isa = PBXGroup;
			children = (
				0A036D8E1AE54A82006EA72D /* Constants.h */,
			);
			name = Classes;
			sourceTree = "<group>";
		};
		0ACB02CD1AE520FD007FD929 /* Resources */ = {
			isa = PBXGroup;
			children = (
				0ACB02CE1AE52126007FD929 /* Localizable.strings */,
			);
			name = Resources;
			sourceTree = "<group>";
		};
/* End PBXGroup section */

/* Begin PBXNativeTarget section */
		0A470C971AE4F75800FE3BE7 /* mmo */ = {
			isa = PBXNativeTarget;
			buildConfigurationList = 0A470CBB1AE4F75800FE3BE7 /* Build configuration list for PBXNativeTarget "mmo" */;
			buildPhases = (
				0A470C941AE4F75800FE3BE7 /* Sources */,
				0A470C951AE4F75800FE3BE7 /* Frameworks */,
				0A470C961AE4F75800FE3BE7 /* Resources */,
			);
			buildRules = (
			);
			dependencies = (
			);
			name = mmo;
			productName = mmo;
			productReference = 0A470C981AE4F75800FE3BE7 /* mmo.app */;
			productType = "com.apple.product-type.application";
		};
		0A470CB01AE4F75800FE3BE7 /* mmoTests */ = {
			isa = PBXNativeTarget;
			buildConfigurationList = 0A470CBE1AE4F75800FE3BE7 /* Build configuration list for PBXNativeTarget "mmoTests" */;
			buildPhases = (
				0A470CAD1AE4F75800FE3BE7 /* Sources */,
				0A470CAE1AE4F75800FE3BE7 /* Frameworks */,
				0A470CAF1AE4F75800FE3BE7 /* Resources */,
			);
			buildRules = (
			);
			dependencies = (
				0A470CB31AE4F75800FE3BE7 /* PBXTargetDependency */,
			);
			name = mmoTests;
			productName = mmoTests;
			productReference = 0A470CB11AE4F75800FE3BE7 /* mmoTests.xctest */;
			productType = "com.apple.product-type.bundle.unit-test";
		};
/* End PBXNativeTarget section */

/* Begin PBXProject section */
		0A470C901AE4F75800FE3BE7 /* Project object */ = {
			isa = PBXProject;
			attributes = {
				LastUpgradeCheck = 0630;
				ORGANIZATIONNAME = "Win-Interactive";
				TargetAttributes = {
					0A470C971AE4F75800FE3BE7 = {
						CreatedOnToolsVersion = 6.3;
					};
					0A470CB01AE4F75800FE3BE7 = {
						CreatedOnToolsVersion = 6.3;
						TestTargetID = 0A470C971AE4F75800FE3BE7;
					};
				};
			};
			buildConfigurationList = 0A470C931AE4F75800FE3BE7 /* Build configuration list for PBXProject "mmo" */;
			compatibilityVersion = "Xcode 3.2";
			developmentRegion = English;
			hasScannedForEncodings = 0;
			knownRegions = (
				en,
				Base,
			);
			mainGroup = 0A470C8F1AE4F75800FE3BE7;
			productRefGroup = 0A470C991AE4F75800FE3BE7 /* Products */;
			projectDirPath = "";
			projectRoot = "";
			targets = (
				0A470C971AE4F75800FE3BE7 /* mmo */,
				0A470CB01AE4F75800FE3BE7 /* mmoTests */,
			);
		};
/* End PBXProject section */

/* Begin PBXResourcesBuildPhase section */
		0A470C961AE4F75800FE3BE7 /* Resources */ = {
			isa = PBXResourcesBuildPhase;
			buildActionMask = 2147483647;
			files = (
				0A470CA71AE4F75800FE3BE7 /* Main.storyboard in Resources */,
				0ACB02CF1AE52126007FD929 /* Localizable.strings in Resources */,
				0A470CAC1AE4F75800FE3BE7 /* LaunchScreen.xib in Resources */,
				0A470CA91AE4F75800FE3BE7 /* Images.xcassets in Resources */,
			);
			runOnlyForDeploymentPostprocessing = 0;
		};
		0A470CAF1AE4F75800FE3BE7 /* Resources */ = {
			isa = PBXResourcesBuildPhase;
			buildActionMask = 2147483647;
			files = (
			);
			runOnlyForDeploymentPostprocessing = 0;
		};
/* End PBXResourcesBuildPhase section */

/* Begin PBXSourcesBuildPhase section */
		0A470C941AE4F75800FE3BE7 /* Sources */ = {
			isa = PBXSourcesBuildPhase;
			buildActionMask = 2147483647;
			files = (
				0A470CA41AE4F75800FE3BE7 /* ViewController.m in Sources */,
				0A470CA11AE4F75800FE3BE7 /* AppDelegate.m in Sources */,
				0A470C9E1AE4F75800FE3BE7 /* main.m in Sources */,
			);
			runOnlyForDeploymentPostprocessing = 0;
		};
		0A470CAD1AE4F75800FE3BE7 /* Sources */ = {
			isa = PBXSourcesBuildPhase;
			buildActionMask = 2147483647;
			files = (
				0A470CB81AE4F75800FE3BE7 /* mmoTests.m in Sources */,
			);
			runOnlyForDeploymentPostprocessing = 0;
		};
/* End PBXSourcesBuildPhase section */

/* Begin PBXTargetDependency section */
		0A470CB31AE4F75800FE3BE7 /* PBXTargetDependency */ = {
			isa = PBXTargetDependency;
			target = 0A470C971AE4F75800FE3BE7 /* mmo */;
			targetProxy = 0A470CB21AE4F75800FE3BE7 /* PBXContainerItemProxy */;
		};
/* End PBXTargetDependency section */

/* Begin PBXVariantGroup section */
		0A470CA51AE4F75800FE3BE7 /* Main.storyboard */ = {
			isa = PBXVariantGroup;
			children = (
				0A470CA61AE4F75800FE3BE7 /* Base */,
			);
			name = Main.storyboard;
			sourceTree = "<group>";
		};
		0A470CAA1AE4F75800FE3BE7 /* LaunchScreen.xib */ = {
			isa = PBXVariantGroup;
			children = (
				0A470CAB1AE4F75800FE3BE7 /* Base */,
			);
			name = LaunchScreen.xib;
			sourceTree = "<group>";
		};
/* End PBXVariantGroup section */

/* Begin XCBuildConfiguration section */
		0A470CB91AE4F75800FE3BE7 /* Debug */ = {
			isa = XCBuildConfiguration;
			buildSettings = {
				ALWAYS_SEARCH_USER_PATHS = NO;
				CLANG_CXX_LANGUAGE_STANDARD = "gnu++0x";
				CLANG_CXX_LIBRARY = "libc++";
				CLANG_ENABLE_MODULES = YES;
				CLANG_ENABLE_OBJC_ARC = YES;
				CLANG_WARN_BOOL_CONVERSION = YES;
				CLANG_WARN_CONSTANT_CONVERSION = YES;
				CLANG_WARN_DIRECT_OBJC_ISA_USAGE = YES_ERROR;
				CLANG_WARN_EMPTY_BODY = YES;
				CLANG_WARN_ENUM_CONVERSION = YES;
				CLANG_WARN_INT_CONVERSION = YES;
				CLANG_WARN_OBJC_ROOT_CLASS = YES_ERROR;
				CLANG_WARN_UNREACHABLE_CODE = YES;
				CLANG_WARN__DUPLICATE_METHOD_MATCH = YES;
				"CODE_SIGN_IDENTITY[sdk=iphoneos*]" = "iPhone Developer";
				COPY_PHASE_STRIP = NO;
				DEBUG_INFORMATION_FORMAT = "dwarf-with-dsym";
				ENABLE_STRICT_OBJC_MSGSEND = YES;
				GCC_C_LANGUAGE_STANDARD = gnu99;
				GCC_DYNAMIC_NO_PIC = NO;
				GCC_NO_COMMON_BLOCKS = YES;
				GCC_OPTIMIZATION_LEVEL = 0;
				GCC_PREPROCESSOR_DEFINITIONS = (
					"DEBUG=1",
					"$(inherited)",
				);
				GCC_SYMBOLS_PRIVATE_EXTERN = NO;
				GCC_WARN_64_TO_32_BIT_CONVERSION = YES;
				GCC_WARN_ABOUT_RETURN_TYPE = YES_ERROR;
				GCC_WARN_UNDECLARED_SELECTOR = YES;
				GCC_WARN_UNINITIALIZED_AUTOS = YES_AGGRESSIVE;
				GCC_WARN_UNUSED_FUNCTION = YES;
				GCC_WARN_UNUSED_VARIABLE = YES;
				IPHONEOS_DEPLOYMENT_TARGET = 6.0;
				MTL_ENABLE_DEBUG_INFO = YES;
				ONLY_ACTIVE_ARCH = YES;
				SDKROOT = iphoneos;
				TARGETED_DEVICE_FAMILY = "1,2";
			};
			name = Debug;
		};
		0A470CBA1AE4F75800FE3BE7 /* Release */ = {
			isa = XCBuildConfiguration;
			buildSettings = {
				ALWAYS_SEARCH_USER_PATHS = NO;
				CLANG_CXX_LANGUAGE_STANDARD = "gnu++0x";
				CLANG_CXX_LIBRARY = "libc++";
				CLANG_ENABLE_MODULES = YES;
				CLANG_ENABLE_OBJC_ARC = YES;
				CLANG_WARN_BOOL_CONVERSION = YES;
				CLANG_WARN_CONSTANT_CONVERSION = YES;
				CLANG_WARN_DIRECT_OBJC_ISA_USAGE = YES_ERROR;
				CLANG_WARN_EMPTY_BODY = YES;
				CLANG_WARN_ENUM_CONVERSION = YES;
				CLANG_WARN_INT_CONVERSION = YES;
				CLANG_WARN_OBJC_ROOT_CLASS = YES_ERROR;
				CLANG_WARN_UNREACHABLE_CODE = YES;
				CLANG_WARN__DUPLICATE_METHOD_MATCH = YES;
				"CODE_SIGN_IDENTITY[sdk=iphoneos*]" = "iPhone Developer";
				COPY_PHASE_STRIP = NO;
				DEBUG_INFORMATION_FORMAT = "dwarf-with-dsym";
				ENABLE_NS_ASSERTIONS = NO;
				ENABLE_STRICT_OBJC_MSGSEND = YES;
				GCC_C_LANGUAGE_STANDARD = gnu99;
				GCC_NO_COMMON_BLOCKS = YES;
				GCC_WARN_64_TO_32_BIT_CONVERSION = YES;
				GCC_WARN_ABOUT_RETURN_TYPE = YES_ERROR;
				GCC_WARN_UNDECLARED_SELECTOR = YES;
				GCC_WARN_UNINITIALIZED_AUTOS = YES_AGGRESSIVE;
				GCC_WARN_UNUSED_FUNCTION = YES;
				GCC_WARN_UNUSED_VARIABLE = YES;
				IPHONEOS_DEPLOYMENT_TARGET = 6.0;
				MTL_ENABLE_DEBUG_INFO = NO;
				SDKROOT = iphoneos;
				TARGETED_DEVICE_FAMILY = "1,2";
				VALIDATE_PRODUCT = YES;
			};
			name = Release;
		};
		0A470CBC1AE4F75800FE3BE7 /* Debug */ = {
			isa = XCBuildConfiguration;
			buildSettings = {
				ASSETCATALOG_COMPILER_APPICON_NAME = AppIcon;
				CODE_SIGN_IDENTITY = "iPhone Developer";
				INFOPLIST_FILE = mmo/Info.plist;
				IPHONEOS_DEPLOYMENT_TARGET = 7.0;
				LD_RUNPATH_SEARCH_PATHS = "$(inherited) @executable_path/Frameworks";
				PRODUCT_NAME = "$(TARGET_NAME)";
			};
			name = Debug;
		};
		0A470CBD1AE4F75800FE3BE7 /* Release */ = {
			isa = XCBuildConfiguration;
			buildSettings = {
				ASSETCATALOG_COMPILER_APPICON_NAME = AppIcon;
				CODE_SIGN_IDENTITY = "iPhone Distribution";
				INFOPLIST_FILE = mmo/Info.plist;
				IPHONEOS_DEPLOYMENT_TARGET = 7.0;
				LD_RUNPATH_SEARCH_PATHS = "$(inherited) @executable_path/Frameworks";
				PRODUCT_NAME = "$(TARGET_NAME)";
			};
			name = Release;
		};
		0A470CBF1AE4F75800FE3BE7 /* Debug */ = {
			isa = XCBuildConfiguration;
			buildSettings = {
				BUNDLE_LOADER = "$(TEST_HOST)";
				FRAMEWORK_SEARCH_PATHS = (
					"$(SDKROOT)/Developer/Library/Frameworks",
					"$(inherited)",
				);
				GCC_PREPROCESSOR_DEFINITIONS = (
					"DEBUG=1",
					"$(inherited)",
				);
				INFOPLIST_FILE = mmoTests/Info.plist;
				LD_RUNPATH_SEARCH_PATHS = "$(inherited) @executable_path/Frameworks @loader_path/Frameworks";
				PRODUCT_NAME = "$(TARGET_NAME)";
				TEST_HOST = "$(BUILT_PRODUCTS_DIR)/mmo.app/mmo";
			};
			name = Debug;
		};
		0A470CC01AE4F75800FE3BE7 /* Release */ = {
			isa = XCBuildConfiguration;
			buildSettings = {
				BUNDLE_LOADER = "$(TEST_HOST)";
				FRAMEWORK_SEARCH_PATHS = (
					"$(SDKROOT)/Developer/Library/Frameworks",
					"$(inherited)",
				);
				INFOPLIST_FILE = mmoTests/Info.plist;
				LD_RUNPATH_SEARCH_PATHS = "$(inherited) @executable_path/Frameworks @loader_path/Frameworks";
				PRODUCT_NAME = "$(TARGET_NAME)";
				TEST_HOST = "$(BUILT_PRODUCTS_DIR)/mmo.app/mmo";
			};
			name = Release;
		};
/* End XCBuildConfiguration section */

/* Begin XCConfigurationList section */
		0A470C931AE4F75800FE3BE7 /* Build configuration list for PBXProject "mmo" */ = {
			isa = XCConfigurationList;
			buildConfigurations = (
				0A470CB91AE4F75800FE3BE7 /* Debug */,
				0A470CBA1AE4F75800FE3BE7 /* Release */,
			);
			defaultConfigurationIsVisible = 0;
			defaultConfigurationName = Release;
		};
		0A470CBB1AE4F75800FE3BE7 /* Build configuration list for PBXNativeTarget "mmo" */ = {
			isa = XCConfigurationList;
			buildConfigurations = (
				0A470CBC1AE4F75800FE3BE7 /* Debug */,
				0A470CBD1AE4F75800FE3BE7 /* Release */,
			);
			defaultConfigurationIsVisible = 0;
			defaultConfigurationName = Release;
		};
		0A470CBE1AE4F75800FE3BE7 /* Build configuration list for PBXNativeTarget "mmoTests" */ = {
			isa = XCConfigurationList;
			buildConfigurations = (
				0A470CBF1AE4F75800FE3BE7 /* Debug */,
				0A470CC01AE4F75800FE3BE7 /* Release */,
			);
			defaultConfigurationIsVisible = 0;
			defaultConfigurationName = Release;
		};
/* End XCConfigurationList section */
	};
	rootObject = 0A470C901AE4F75800FE3BE7 /* Project object */;
}
